# THIS IS AN AUTOGENERATED FILE. DO NOT EDIT THIS FILE DIRECTLY.
# yarn lockfile v1


array-has-duplicates@^1.0.1:
  version "1.0.1"
  resolved "https://registry.yarnpkg.com/array-has-duplicates/-/array-has-duplicates-1.0.1.tgz#cd7a23d2f5ed27b8cd1e59e5a48831637a41f028"

array-unique@^0.3.2:
  version "0.3.2"
  resolved "https://registry.yarnpkg.com/array-unique/-/array-unique-0.3.2.tgz#a894b75d4bc4f6cd679ef3244a9fd8f46ae2d428"

uuid@^3.2.1:
  version "3.2.1"
  resolved "https://registry.yarnpkg.com/uuid/-/uuid-3.2.1.tgz#12c528bb9d58d0b9265d9a2f6f0fe8be17ff1f14"
